# generated by rye
# use `rye lock` or `rye sync` to update this lockfile
#
# last locked with the following flags:
#   pre: false
#   features: []
#   all-features: false

-e file:.
apscheduler==3.10.4
astroid==3.0.2
beautifulsoup4==4.12.2
black==23.12.1
blinker==1.7.0
bs4==0.0.1
certifi==2023.11.17
cffi==1.16.0
charset-normalizer==3.3.2
click==8.1.7
couchdb==1.2
cryptography==41.0.7
dill==0.3.7
flask==3.0.0
gunicorn==21.2.0
hattrick-libs==0.15.4
idna==3.6
importlib-metadata==7.0.1
isort==5.13.2
itsdangerous==2.1.2
jinja2==3.1.2
lxml==4.9.3
markupsafe==2.1.3
mccabe==0.7.0
mypy-extensions==1.0.0
packaging==23.2
pathspec==0.12.1
platformdirs==4.1.0
pycparser==2.21
pygal==3.0.4
pygal-maps-world==1.0.2
pylint==3.0.3
pytz==2023.3.post1
rauth==0.7.3
requests==2.31.0
ruff==0.1.11
six==1.16.0
soupsieve==2.5
stripe==8.1.0
tomlkit==0.12.3
types-beautifulsoup4==4.12.0.7
types-html5lib==1.1.11.15
typing-extensions==4.9.0
tzlocal==5.2
urllib3==2.1.0
werkzeug==3.0.1
zipp==3.17.0
