# generated by rye
# use `rye lock` or `rye sync` to update this lockfile
#
# last locked with the following flags:
#   pre: false
#   features: []
#   all-features: false
#   with-sources: false

-e file:.
apscheduler==3.10.4
    # via hattrick-fwf
astroid==3.0.2
    # via pylint
babel==2.15.0
    # via flask-babel
beautifulsoup4==4.12.2
    # via bs4
black==23.12.1
blinker==1.7.0
    # via flask
bs4==0.0.1
    # via hattrick-libs
certifi==2023.11.17
    # via requests
cffi==1.16.0
    # via cryptography
charset-normalizer==3.3.2
    # via requests
click==8.1.7
    # via black
    # via flask
couchdb==1.2
    # via hattrick-fwf
cryptography==41.0.7
    # via hattrick-fwf
dill==0.3.7
    # via pylint
flask==3.0.0
    # via flask-babel
    # via hattrick-fwf
flask-babel==4.0.0
    # via hattrick-fwf
gunicorn==21.2.0
    # via hattrick-fwf
hattrick-libs==0.16.5
    # via hattrick-fwf
idna==3.6
    # via requests
importlib-metadata==7.0.1
    # via pygal
isort==5.13.2
    # via pylint
itsdangerous==2.1.2
    # via flask
jinja2==3.1.4
    # via flask
    # via flask-babel
    # via hattrick-fwf
lxml==4.9.3
    # via hattrick-libs
markupsafe==2.1.3
    # via jinja2
    # via werkzeug
mccabe==0.7.0
    # via pylint
mypy-extensions==1.0.0
    # via black
packaging==23.2
    # via black
    # via gunicorn
pathspec==0.12.1
    # via black
platformdirs==4.1.0
    # via black
    # via pylint
pycparser==2.21
    # via cffi
pygal==3.0.4
    # via pygal-maps-world
pygal-maps-world==1.0.2
    # via hattrick-fwf
pylint==3.0.3
pyment==0.3.3
pytz==2023.3.post1
    # via apscheduler
    # via flask-babel
rauth==0.7.3
    # via hattrick-libs
requests==2.31.0
    # via rauth
    # via stripe
ruff==0.1.11
six==1.16.0
    # via apscheduler
soupsieve==2.5
    # via beautifulsoup4
stripe==8.1.0
    # via hattrick-fwf
tomlkit==0.12.3
    # via pylint
types-beautifulsoup4==4.12.0.7
    # via hattrick-libs
types-html5lib==1.1.11.15
    # via types-beautifulsoup4
typing-extensions==4.9.0
    # via stripe
tzlocal==5.2
    # via apscheduler
urllib3==2.1.0
    # via requests
werkzeug==3.0.1
    # via flask
zipp==3.17.0
    # via importlib-metadata
setuptools==71.0.0
